
Microsoft Visual Studio Solution File, Format Version 12.00
# Visual Studio 14
VisualStudioVersion = 14.0.25420.1
MinimumVisualStudioVersion = 10.0.40219.1
Project("{FAE04EC0-301F-11D3-BF4B-00C04F79EFBC}") = "UpdateSystem", "UpdateSystem\UpdateSystem.csproj", "{FAE7D0DD-A439-47F9-81CB-7E2B6170E9AB}"
EndProject
Project("{FAE04EC0-301F-11D3-BF4B-00C04F79EFBC}") = "Launch", "Launch\Launch.csproj", "{FEF8F70D-5217-40CF-A900-4B18DCEA88ED}"
EndProject
Global
	GlobalSection(SolutionConfigurationPlatforms) = preSolution
		Debug|Any CPU = Debug|Any CPU
		Release|Any CPU = Release|Any CPU
	EndGlobalSection
	GlobalSection(ProjectConfigurationPlatforms) = postSolution
		{FAE7D0DD-A439-47F9-81CB-7E2B6170E9AB}.Debug|Any CPU.ActiveCfg = Debug|Any CPU
		{FAE7D0DD-A439-47F9-81CB-7E2B6170E9AB}.Debug|Any CPU.Build.0 = Debug|Any CPU
		{FAE7D0DD-A439-47F9-81CB-7E2B6170E9AB}.Release|Any CPU.ActiveCfg = Release|Any CPU
		{FAE7D0DD-A439-47F9-81CB-7E2B6170E9AB}.Release|Any CPU.Build.0 = Release|Any CPU
		{FEF8F70D-5217-40CF-A900-4B18DCEA88ED}.Debug|Any CPU.ActiveCfg = Debug|Any CPU
		{FEF8F70D-5217-40CF-A900-4B18DCEA88ED}.Debug|Any CPU.Build.0 = Debug|Any CPU
		{FEF8F70D-5217-40CF-A900-4B18DCEA88ED}.Release|Any CPU.ActiveCfg = Release|Any CPU
		{FEF8F70D-5217-40CF-A900-4B18DCEA88ED}.Release|Any CPU.Build.0 = Release|Any CPU
	EndGlobalSection
	GlobalSection(SolutionProperties) = preSolution
		HideSolutionNode = FALSE
	EndGlobalSection
EndGlobal
